
Microsoft Visual Studio Solution File, Format Version 12.00
# Visual Studio Version 17
VisualStudioVersion = 17.3.32819.101
MinimumVisualStudioVersion = 10.0.40219.1
Project("{FAE04EC0-301F-11D3-BF4B-00C04F79EFBC}") = "Raffle", "Raffle\Raffle.csproj", "{FB8B5AA5-642F-4142-AD00-0CC4514CC328}"
EndProject
Global
	GlobalSection(SolutionConfigurationPlatforms) = preSolution
		Debug|Any CPU = Debug|Any CPU
		Release|Any CPU = Release|Any CPU
	EndGlobalSection
	GlobalSection(ProjectConfigurationPlatforms) = postSolution
		{FB8B5AA5-642F-4142-AD00-0CC4514CC328}.Debug|Any CPU.ActiveCfg = Debug|Any CPU
		{FB8B5AA5-642F-4142-AD00-0CC4514CC328}.Debug|Any CPU.Build.0 = Debug|Any CPU
		{FB8B5AA5-642F-4142-AD00-0CC4514CC328}.Release|Any CPU.ActiveCfg = Release|Any CPU
		{FB8B5AA5-642F-4142-AD00-0CC4514CC328}.Release|Any CPU.Build.0 = Release|Any CPU
	EndGlobalSection
	GlobalSection(SolutionProperties) = preSolution
		HideSolutionNode = FALSE
	EndGlobalSection
	GlobalSection(ExtensibilityGlobals) = postSolution
		SolutionGuid = {61565EE4-5B07-44E8-8BC5-F1FB2A11FAF0}
	EndGlobalSection
EndGlobal
